
Microsoft Visual Studio Solution File, Format Version 12.00
# Visual Studio 2013
VisualStudioVersion = 12.0.31101.0
MinimumVisualStudioVersion = 10.0.40219.1
Project("{FAE04EC0-301F-11D3-BF4B-00C04F79EFBC}") = "SinglyLinkedLists", "SinglyLinkedLists\SinglyLinkedLists.csproj", "{72A0D6BE-FF5F-4F4A-A1D5-2C405C9B9D05}"
EndProject
Project("{FAE04EC0-301F-11D3-BF4B-00C04F79EFBC}") = "UnitTestSinglyLinkedLists", "UnitTestSinglyLinkedLists\UnitTestSinglyLinkedLists.csproj", "{1C013C23-5EF5-4DA4-B342-9AEBC681680D}"
EndProject
Project("{FAE04EC0-301F-11D3-BF4B-00C04F79EFBC}") = "SinglyLinkedListVisualizer", "SinglyLinkedListVisualizer\SinglyLinkedListVisualizer.csproj", "{E5D53594-95DC-4095-9B98-1FF5CD5CE978}"
EndProject
Global
	GlobalSection(SolutionConfigurationPlatforms) = preSolution
		Debug|Any CPU = Debug|Any CPU
		Release|Any CPU = Release|Any CPU
	EndGlobalSection
	GlobalSection(ProjectConfigurationPlatforms) = postSolution
		{72A0D6BE-FF5F-4F4A-A1D5-2C405C9B9D05}.Debug|Any CPU.ActiveCfg = Debug|Any CPU
		{72A0D6BE-FF5F-4F4A-A1D5-2C405C9B9D05}.Debug|Any CPU.Build.0 = Debug|Any CPU
		{72A0D6BE-FF5F-4F4A-A1D5-2C405C9B9D05}.Release|Any CPU.ActiveCfg = Release|Any CPU
		{72A0D6BE-FF5F-4F4A-A1D5-2C405C9B9D05}.Release|Any CPU.Build.0 = Release|Any CPU
		{1C013C23-5EF5-4DA4-B342-9AEBC681680D}.Debug|Any CPU.ActiveCfg = Debug|Any CPU
		{1C013C23-5EF5-4DA4-B342-9AEBC681680D}.Debug|Any CPU.Build.0 = Debug|Any CPU
		{1C013C23-5EF5-4DA4-B342-9AEBC681680D}.Release|Any CPU.ActiveCfg = Release|Any CPU
		{1C013C23-5EF5-4DA4-B342-9AEBC681680D}.Release|Any CPU.Build.0 = Release|Any CPU
		{E5D53594-95DC-4095-9B98-1FF5CD5CE978}.Debug|Any CPU.ActiveCfg = Debug|Any CPU
		{E5D53594-95DC-4095-9B98-1FF5CD5CE978}.Debug|Any CPU.Build.0 = Debug|Any CPU
		{E5D53594-95DC-4095-9B98-1FF5CD5CE978}.Release|Any CPU.ActiveCfg = Release|Any CPU
		{E5D53594-95DC-4095-9B98-1FF5CD5CE978}.Release|Any CPU.Build.0 = Release|Any CPU
	EndGlobalSection
	GlobalSection(SolutionProperties) = preSolution
		HideSolutionNode = FALSE
	EndGlobalSection
EndGlobal
